
Microsoft Visual Studio Solution File, Format Version 12.00
# Visual Studio Version 16
VisualStudioVersion = 16.0.30114.105
MinimumVisualStudioVersion = 10.0.40219.1
Project("{FAE04EC0-301F-11D3-BF4B-00C04F79EFBC}") = "IComparablePrac", "IComparePrac\IComparablePrac.csproj", "{B1486D2F-2A89-4B57-88C8-31FC7FEDA844}"
EndProject
Global
	GlobalSection(SolutionConfigurationPlatforms) = preSolution
		Debug|Any CPU = Debug|Any CPU
		Release|Any CPU = Release|Any CPU
	EndGlobalSection
	GlobalSection(ProjectConfigurationPlatforms) = postSolution
		{B1486D2F-2A89-4B57-88C8-31FC7FEDA844}.Debug|Any CPU.ActiveCfg = Debug|Any CPU
		{B1486D2F-2A89-4B57-88C8-31FC7FEDA844}.Debug|Any CPU.Build.0 = Debug|Any CPU
		{B1486D2F-2A89-4B57-88C8-31FC7FEDA844}.Release|Any CPU.ActiveCfg = Release|Any CPU
		{B1486D2F-2A89-4B57-88C8-31FC7FEDA844}.Release|Any CPU.Build.0 = Release|Any CPU
	EndGlobalSection
	GlobalSection(SolutionProperties) = preSolution
		HideSolutionNode = FALSE
	EndGlobalSection
	GlobalSection(ExtensibilityGlobals) = postSolution
		SolutionGuid = {34E40A01-1CE6-40A5-8F12-D787D3B895A1}
	EndGlobalSection
EndGlobal
